// !$*UTF8*$!
{
	archiveVersion = 1;
	classes = {
	};
	objectVersion = 50;
	objects = {

/* Begin PBXBuildFile section */
		34AD0AE42570A19F009E1DBD /* AppDelegate.m in Sources */ = {isa = PBXBuildFile; fileRef = 34AD0AE32570A19F009E1DBD /* AppDelegate.m */; };
		34AD0AE72570A19F009E1DBD /* SceneDelegate.m in Sources */ = {isa = PBXBuildFile; fileRef = 34AD0AE62570A19F009E1DBD /* SceneDelegate.m */; };
		34AD0AED2570A19F009E1DBD /* Main.storyboard in Resources */ = {isa = PBXBuildFile; fileRef = 34AD0AEB2570A19F009E1DBD /* Main.storyboard */; };
		34AD0AEF2570A1A1009E1DBD /* Assets.xcassets in Resources */ = {isa = PBXBuildFile; fileRef = 34AD0AEE2570A1A1009E1DBD /* Assets.xcassets */; };
		34AD0AF22570A1A1009E1DBD /* LaunchScreen.storyboard in Resources */ = {isa = PBXBuildFile; fileRef = 34AD0AF02570A1A1009E1DBD /* LaunchScreen.storyboard */; };
		34AD0AF52570A1A1009E1DBD /* main.m in Sources */ = {isa = PBXBuildFile; fileRef = 34AD0AF42570A1A1009E1DBD /* main.m */; };
		34AD0B032570A312009E1DBD /* BreedController.m in Sources */ = {isa = PBXBuildFile; fileRef = 34AD0B022570A312009E1DBD /* BreedController.m */; };
		34AD0B092570A383009E1DBD /* Breed.m in Sources */ = {isa = PBXBuildFile; fileRef = 34AD0B082570A383009E1DBD /* Breed.m */; };
		34AD0B102570A909009E1DBD /* BreedsListTableViewController.m in Sources */ = {isa = PBXBuildFile; fileRef = 34AD0B0F2570A909009E1DBD /* BreedsListTableViewController.m */; };
		34AD0B1B2570C355009E1DBD /* BreedImagesTableViewController.m in Sources */ = {isa = PBXBuildFile; fileRef = 34AD0B1A2570C355009E1DBD /* BreedImagesTableViewController.m */; };
/* End PBXBuildFile section */

/* Begin PBXFileReference section */
		34AD0ADF2570A19F009E1DBD /* thecatapi.app */ = {isa = PBXFileReference; explicitFileType = wrapper.application; includeInIndex = 0; path = thecatapi.app; sourceTree = BUILT_PRODUCTS_DIR; };
		34AD0AE22570A19F009E1DBD /* AppDelegate.h */ = {isa = PBXFileReference; lastKnownFileType = sourcecode.c.h; path = AppDelegate.h; sourceTree = "<group>"; };
		34AD0AE32570A19F009E1DBD /* AppDelegate.m */ = {isa = PBXFileReference; lastKnownFileType = sourcecode.c.objc; path = AppDelegate.m; sourceTree = "<group>"; };
		34AD0AE52570A19F009E1DBD /* SceneDelegate.h */ = {isa = PBXFileReference; lastKnownFileType = sourcecode.c.h; path = SceneDelegate.h; sourceTree = "<group>"; };
		34AD0AE62570A19F009E1DBD /* SceneDelegate.m */ = {isa = PBXFileReference; lastKnownFileType = sourcecode.c.objc; path = SceneDelegate.m; sourceTree = "<group>"; };
		34AD0AEC2570A19F009E1DBD /* Base */ = {isa = PBXFileReference; lastKnownFileType = file.storyboard; name = Base; path = Base.lproj/Main.storyboard; sourceTree = "<group>"; };
		34AD0AEE2570A1A1009E1DBD /* Assets.xcassets */ = {isa = PBXFileReference; lastKnownFileType = folder.assetcatalog; path = Assets.xcassets; sourceTree = "<group>"; };
		34AD0AF12570A1A1009E1DBD /* Base */ = {isa = PBXFileReference; lastKnownFileType = file.storyboard; name = Base; path = Base.lproj/LaunchScreen.storyboard; sourceTree = "<group>"; };
		34AD0AF32570A1A1009E1DBD /* Info.plist */ = {isa = PBXFileReference; lastKnownFileType = text.plist.xml; path = Info.plist; sourceTree = "<group>"; };
		34AD0AF42570A1A1009E1DBD /* main.m */ = {isa = PBXFileReference; lastKnownFileType = sourcecode.c.objc; path = main.m; sourceTree = "<group>"; };
		34AD0B022570A312009E1DBD /* BreedController.m */ = {isa = PBXFileReference; lastKnownFileType = sourcecode.c.objc; name = BreedController.m; path = thecatapi/ViewController/BreedController.m; sourceTree = SOURCE_ROOT; };
		34AD0B062570A323009E1DBD /* BreedController.h */ = {isa = PBXFileReference; lastKnownFileType = sourcecode.c.h; path = BreedController.h; sourceTree = "<group>"; };
		34AD0B072570A375009E1DBD /* Breed.h */ = {isa = PBXFileReference; lastKnownFileType = sourcecode.c.h; path = Breed.h; sourceTree = "<group>"; };
		34AD0B082570A383009E1DBD /* Breed.m */ = {isa = PBXFileReference; lastKnownFileType = sourcecode.c.objc; path = Breed.m; sourceTree = "<group>"; };
		34AD0B0F2570A909009E1DBD /* BreedsListTableViewController.m */ = {isa = PBXFileReference; lastKnownFileType = sourcecode.c.objc; path = BreedsListTableViewController.m; sourceTree = "<group>"; };
		34AD0B142570A916009E1DBD /* BreedsListTableViewController.h */ = {isa = PBXFileReference; lastKnownFileType = sourcecode.c.h; path = BreedsListTableViewController.h; sourceTree = "<group>"; };
		34AD0B1A2570C355009E1DBD /* BreedImagesTableViewController.m */ = {isa = PBXFileReference; lastKnownFileType = sourcecode.c.objc; path = BreedImagesTableViewController.m; sourceTree = "<group>"; };
		34AD0B1D2570C364009E1DBD /* BreedImagesTableViewController.h */ = {isa = PBXFileReference; lastKnownFileType = sourcecode.c.h; path = BreedImagesTableViewController.h; sourceTree = "<group>"; };
/* End PBXFileReference section */

/* Begin PBXFrameworksBuildPhase section */
		34AD0ADC2570A19F009E1DBD /* Frameworks */ = {
			isa = PBXFrameworksBuildPhase;
			buildActionMask = 2147483647;
			files = (
			);
			runOnlyForDeploymentPostprocessing = 0;
		};
/* End PBXFrameworksBuildPhase section */

/* Begin PBXGroup section */
		34AD0AD62570A19F009E1DBD = {
			isa = PBXGroup;
			children = (
				34AD0AE12570A19F009E1DBD /* thecatapi */,
				34AD0AE02570A19F009E1DBD /* Products */,
			);
			sourceTree = "<group>";
		};
		34AD0AE02570A19F009E1DBD /* Products */ = {
			isa = PBXGroup;
			children = (
				34AD0ADF2570A19F009E1DBD /* thecatapi.app */,
			);
			name = Products;
			sourceTree = "<group>";
		};
		34AD0AE12570A19F009E1DBD /* thecatapi */ = {
			isa = PBXGroup;
			children = (
				34AD0AFF2570A242009E1DBD /* Model */,
				34AD0B002570A24D009E1DBD /* Controller */,
				34AD0B012570A253009E1DBD /* ViewController */,
				34AD0AFE2570A22F009E1DBD /* Storyboards */,
				34AD0AFD2570A217009E1DBD /* Resources */,
				34AD0AEE2570A1A1009E1DBD /* Assets.xcassets */,
				34AD0AF32570A1A1009E1DBD /* Info.plist */,
			);
			path = thecatapi;
			sourceTree = "<group>";
		};
		34AD0AFD2570A217009E1DBD /* Resources */ = {
			isa = PBXGroup;
			children = (
				34AD0AE22570A19F009E1DBD /* AppDelegate.h */,
				34AD0AE32570A19F009E1DBD /* AppDelegate.m */,
				34AD0AE52570A19F009E1DBD /* SceneDelegate.h */,
				34AD0AE62570A19F009E1DBD /* SceneDelegate.m */,
				34AD0AF42570A1A1009E1DBD /* main.m */,
			);
			path = Resources;
			sourceTree = "<group>";
		};
		34AD0AFE2570A22F009E1DBD /* Storyboards */ = {
			isa = PBXGroup;
			children = (
				34AD0AEB2570A19F009E1DBD /* Main.storyboard */,
				34AD0AF02570A1A1009E1DBD /* LaunchScreen.storyboard */,
			);
			path = Storyboards;
			sourceTree = "<group>";
		};
		34AD0AFF2570A242009E1DBD /* Model */ = {
			isa = PBXGroup;
			children = (
				34AD0B072570A375009E1DBD /* Breed.h */,
				34AD0B082570A383009E1DBD /* Breed.m */,
			);
			path = Model;
			sourceTree = "<group>";
		};
		34AD0B002570A24D009E1DBD /* Controller */ = {
			isa = PBXGroup;
			children = (
				34AD0B062570A323009E1DBD /* BreedController.h */,
				34AD0B022570A312009E1DBD /* BreedController.m */,
			);
			path = Controller;
			sourceTree = "<group>";
		};
		34AD0B012570A253009E1DBD /* ViewController */ = {
			isa = PBXGroup;
			children = (
				34AD0B1D2570C364009E1DBD /* BreedImagesTableViewController.h */,
				34AD0B1A2570C355009E1DBD /* BreedImagesTableViewController.m */,
				34AD0B142570A916009E1DBD /* BreedsListTableViewController.h */,
				34AD0B0F2570A909009E1DBD /* BreedsListTableViewController.m */,
			);
			path = ViewController;
			sourceTree = "<group>";
		};
/* End PBXGroup section */

/* Begin PBXNativeTarget section */
		34AD0ADE2570A19F009E1DBD /* thecatapi */ = {
			isa = PBXNativeTarget;
			buildConfigurationList = 34AD0AF82570A1A1009E1DBD /* Build configuration list for PBXNativeTarget "thecatapi" */;
			buildPhases = (
				34AD0ADB2570A19F009E1DBD /* Sources */,
				34AD0ADC2570A19F009E1DBD /* Frameworks */,
				34AD0ADD2570A19F009E1DBD /* Resources */,
			);
			buildRules = (
			);
			dependencies = (
			);
			name = thecatapi;
			productName = thecatapi;
			productReference = 34AD0ADF2570A19F009E1DBD /* thecatapi.app */;
			productType = "com.apple.product-type.application";
		};
/* End PBXNativeTarget section */

/* Begin PBXProject section */
		34AD0AD72570A19F009E1DBD /* Project object */ = {
			isa = PBXProject;
			attributes = {
				LastUpgradeCheck = 1200;
				TargetAttributes = {
					34AD0ADE2570A19F009E1DBD = {
						CreatedOnToolsVersion = 12.0;
					};
				};
			};
			buildConfigurationList = 34AD0ADA2570A19F009E1DBD /* Build configuration list for PBXProject "thecatapi" */;
			compatibilityVersion = "Xcode 9.3";
			developmentRegion = en;
			hasScannedForEncodings = 0;
			knownRegions = (
				en,
				Base,
			);
			mainGroup = 34AD0AD62570A19F009E1DBD;
			productRefGroup = 34AD0AE02570A19F009E1DBD /* Products */;
			projectDirPath = "";
			projectRoot = "";
			targets = (
				34AD0ADE2570A19F009E1DBD /* thecatapi */,
			);
		};
/* End PBXProject section */

/* Begin PBXResourcesBuildPhase section */
		34AD0ADD2570A19F009E1DBD /* Resources */ = {
			isa = PBXResourcesBuildPhase;
			buildActionMask = 2147483647;
			files = (
				34AD0AF22570A1A1009E1DBD /* LaunchScreen.storyboard in Resources */,
				34AD0AEF2570A1A1009E1DBD /* Assets.xcassets in Resources */,
				34AD0AED2570A19F009E1DBD /* Main.storyboard in Resources */,
			);
			runOnlyForDeploymentPostprocessing = 0;
		};
/* End PBXResourcesBuildPhase section */

/* Begin PBXSourcesBuildPhase section */
		34AD0ADB2570A19F009E1DBD /* Sources */ = {
			isa = PBXSourcesBuildPhase;
			buildActionMask = 2147483647;
			files = (
				34AD0B092570A383009E1DBD /* Breed.m in Sources */,
				34AD0B032570A312009E1DBD /* BreedController.m in Sources */,
				34AD0B102570A909009E1DBD /* BreedsListTableViewController.m in Sources */,
				34AD0AE42570A19F009E1DBD /* AppDelegate.m in Sources */,
				34AD0B1B2570C355009E1DBD /* BreedImagesTableViewController.m in Sources */,
				34AD0AF52570A1A1009E1DBD /* main.m in Sources */,
				34AD0AE72570A19F009E1DBD /* SceneDelegate.m in Sources */,
			);
			runOnlyForDeploymentPostprocessing = 0;
		};
/* End PBXSourcesBuildPhase section */

/* Begin PBXVariantGroup section */
		34AD0AEB2570A19F009E1DBD /* Main.storyboard */ = {
			isa = PBXVariantGroup;
			children = (
				34AD0AEC2570A19F009E1DBD /* Base */,
			);
			name = Main.storyboard;
			sourceTree = "<group>";
		};
		34AD0AF02570A1A1009E1DBD /* LaunchScreen.storyboard */ = {
			isa = PBXVariantGroup;
			children = (
				34AD0AF12570A1A1009E1DBD /* Base */,
			);
			name = LaunchScreen.storyboard;
			sourceTree = "<group>";
		};
/* End PBXVariantGroup section */

/* Begin XCBuildConfiguration section */
		34AD0AF62570A1A1009E1DBD /* Debug */ = {
			isa = XCBuildConfiguration;
			buildSettings = {
				ALWAYS_SEARCH_USER_PATHS = NO;
				CLANG_ANALYZER_NONNULL = YES;
				CLANG_ANALYZER_NUMBER_OBJECT_CONVERSION = YES_AGGRESSIVE;
				CLANG_CXX_LANGUAGE_STANDARD = "gnu++14";
				CLANG_CXX_LIBRARY = "libc++";
				CLANG_ENABLE_MODULES = YES;
				CLANG_ENABLE_OBJC_ARC = YES;
				CLANG_ENABLE_OBJC_WEAK = YES;
				CLANG_WARN_BLOCK_CAPTURE_AUTORELEASING = YES;
				CLANG_WARN_BOOL_CONVERSION = YES;
				CLANG_WARN_COMMA = YES;
				CLANG_WARN_CONSTANT_CONVERSION = YES;
				CLANG_WARN_DEPRECATED_OBJC_IMPLEMENTATIONS = YES;
				CLANG_WARN_DIRECT_OBJC_ISA_USAGE = YES_ERROR;
				CLANG_WARN_DOCUMENTATION_COMMENTS = YES;
				CLANG_WARN_EMPTY_BODY = YES;
				CLANG_WARN_ENUM_CONVERSION = YES;
				CLANG_WARN_INFINITE_RECURSION = YES;
				CLANG_WARN_INT_CONVERSION = YES;
				CLANG_WARN_NON_LITERAL_NULL_CONVERSION = YES;
				CLANG_WARN_OBJC_IMPLICIT_RETAIN_SELF = YES;
				CLANG_WARN_OBJC_LITERAL_CONVERSION = YES;
				CLANG_WARN_OBJC_ROOT_CLASS = YES_ERROR;
				CLANG_WARN_QUOTED_INCLUDE_IN_FRAMEWORK_HEADER = YES;
				CLANG_WARN_RANGE_LOOP_ANALYSIS = YES;
				CLANG_WARN_STRICT_PROTOTYPES = YES;
				CLANG_WARN_SUSPICIOUS_MOVE = YES;
				CLANG_WARN_UNGUARDED_AVAILABILITY = YES_AGGRESSIVE;
				CLANG_WARN_UNREACHABLE_CODE = YES;
				CLANG_WARN__DUPLICATE_METHOD_MATCH = YES;
				COPY_PHASE_STRIP = NO;
				DEBUG_INFORMATION_FORMAT = dwarf;
				ENABLE_STRICT_OBJC_MSGSEND = YES;
				ENABLE_TESTABILITY = YES;
				GCC_C_LANGUAGE_STANDARD = gnu11;
				GCC_DYNAMIC_NO_PIC = NO;
				GCC_NO_COMMON_BLOCKS = YES;
				GCC_OPTIMIZATION_LEVEL = 0;
				GCC_PREPROCESSOR_DEFINITIONS = (
					"DEBUG=1",
					"$(inherited)",
				);
				GCC_WARN_64_TO_32_BIT_CONVERSION = YES;
				GCC_WARN_ABOUT_RETURN_TYPE = YES_ERROR;
				GCC_WARN_UNDECLARED_SELECTOR = YES;
				GCC_WARN_UNINITIALIZED_AUTOS = YES_AGGRESSIVE;
				GCC_WARN_UNUSED_FUNCTION = YES;
				GCC_WARN_UNUSED_VARIABLE = YES;
				IPHONEOS_DEPLOYMENT_TARGET = 14.0;
				MTL_ENABLE_DEBUG_INFO = INCLUDE_SOURCE;
				MTL_FAST_MATH = YES;
				ONLY_ACTIVE_ARCH = YES;
				SDKROOT = iphoneos;
			};
			name = Debug;
		};
		34AD0AF72570A1A1009E1DBD /* Release */ = {
			isa = XCBuildConfiguration;
			buildSettings = {
				ALWAYS_SEARCH_USER_PATHS = NO;
				CLANG_ANALYZER_NONNULL = YES;
				CLANG_ANALYZER_NUMBER_OBJECT_CONVERSION = YES_AGGRESSIVE;
				CLANG_CXX_LANGUAGE_STANDARD = "gnu++14";
				CLANG_CXX_LIBRARY = "libc++";
				CLANG_ENABLE_MODULES = YES;
				CLANG_ENABLE_OBJC_ARC = YES;
				CLANG_ENABLE_OBJC_WEAK = YES;
				CLANG_WARN_BLOCK_CAPTURE_AUTORELEASING = YES;
				CLANG_WARN_BOOL_CONVERSION = YES;
				CLANG_WARN_COMMA = YES;
				CLANG_WARN_CONSTANT_CONVERSION = YES;
				CLANG_WARN_DEPRECATED_OBJC_IMPLEMENTATIONS = YES;
				CLANG_WARN_DIRECT_OBJC_ISA_USAGE = YES_ERROR;
				CLANG_WARN_DOCUMENTATION_COMMENTS = YES;
				CLANG_WARN_EMPTY_BODY = YES;
				CLANG_WARN_ENUM_CONVERSION = YES;
				CLANG_WARN_INFINITE_RECURSION = YES;
				CLANG_WARN_INT_CONVERSION = YES;
				CLANG_WARN_NON_LITERAL_NULL_CONVERSION = YES;
				CLANG_WARN_OBJC_IMPLICIT_RETAIN_SELF = YES;
				CLANG_WARN_OBJC_LITERAL_CONVERSION = YES;
				CLANG_WARN_OBJC_ROOT_CLASS = YES_ERROR;
				CLANG_WARN_QUOTED_INCLUDE_IN_FRAMEWORK_HEADER = YES;
				CLANG_WARN_RANGE_LOOP_ANALYSIS = YES;
				CLANG_WARN_STRICT_PROTOTYPES = YES;
				CLANG_WARN_SUSPICIOUS_MOVE = YES;
				CLANG_WARN_UNGUARDED_AVAILABILITY = YES_AGGRESSIVE;
				CLANG_WARN_UNREACHABLE_CODE = YES;
				CLANG_WARN__DUPLICATE_METHOD_MATCH = YES;
				COPY_PHASE_STRIP = NO;
				DEBUG_INFORMATION_FORMAT = "dwarf-with-dsym";
				ENABLE_NS_ASSERTIONS = NO;
				ENABLE_STRICT_OBJC_MSGSEND = YES;
				GCC_C_LANGUAGE_STANDARD = gnu11;
				GCC_NO_COMMON_BLOCKS = YES;
				GCC_WARN_64_TO_32_BIT_CONVERSION = YES;
				GCC_WARN_ABOUT_RETURN_TYPE = YES_ERROR;
				GCC_WARN_UNDECLARED_SELECTOR = YES;
				GCC_WARN_UNINITIALIZED_AUTOS = YES_AGGRESSIVE;
				GCC_WARN_UNUSED_FUNCTION = YES;
				GCC_WARN_UNUSED_VARIABLE = YES;
				IPHONEOS_DEPLOYMENT_TARGET = 14.0;
				MTL_ENABLE_DEBUG_INFO = NO;
				MTL_FAST_MATH = YES;
				SDKROOT = iphoneos;
				VALIDATE_PRODUCT = YES;
			};
			name = Release;
		};
		34AD0AF92570A1A1009E1DBD /* Debug */ = {
			isa = XCBuildConfiguration;
			buildSettings = {
				ASSETCATALOG_COMPILER_APPICON_NAME = AppIcon;
				ASSETCATALOG_COMPILER_GLOBAL_ACCENT_COLOR_NAME = AccentColor;
				CODE_SIGN_STYLE = Automatic;
				DEVELOPMENT_TEAM = CC2FU4U4ZR;
				INFOPLIST_FILE = thecatapi/Info.plist;
				LD_RUNPATH_SEARCH_PATHS = (
					"$(inherited)",
					"@executable_path/Frameworks",
				);
				PRODUCT_BUNDLE_IDENTIFIER = com.cjpendola.thecatapi;
				PRODUCT_NAME = "$(TARGET_NAME)";
				TARGETED_DEVICE_FAMILY = "1,2";
			};
			name = Debug;
		};
		34AD0AFA2570A1A1009E1DBD /* Release */ = {
			isa = XCBuildConfiguration;
			buildSettings = {
				ASSETCATALOG_COMPILER_APPICON_NAME = AppIcon;
				ASSETCATALOG_COMPILER_GLOBAL_ACCENT_COLOR_NAME = AccentColor;
				CODE_SIGN_STYLE = Automatic;
				DEVELOPMENT_TEAM = CC2FU4U4ZR;
				INFOPLIST_FILE = thecatapi/Info.plist;
				LD_RUNPATH_SEARCH_PATHS = (
					"$(inherited)",
					"@executable_path/Frameworks",
				);
				PRODUCT_BUNDLE_IDENTIFIER = com.cjpendola.thecatapi;
				PRODUCT_NAME = "$(TARGET_NAME)";
				TARGETED_DEVICE_FAMILY = "1,2";
			};
			name = Release;
		};
/* End XCBuildConfiguration section */

/* Begin XCConfigurationList section */
		34AD0ADA2570A19F009E1DBD /* Build configuration list for PBXProject "thecatapi" */ = {
			isa = XCConfigurationList;
			buildConfigurations = (
				34AD0AF62570A1A1009E1DBD /* Debug */,
				34AD0AF72570A1A1009E1DBD /* Release */,
			);
			defaultConfigurationIsVisible = 0;
			defaultConfigurationName = Release;
		};
		34AD0AF82570A1A1009E1DBD /* Build configuration list for PBXNativeTarget "thecatapi" */ = {
			isa = XCConfigurationList;
			buildConfigurations = (
				34AD0AF92570A1A1009E1DBD /* Debug */,
				34AD0AFA2570A1A1009E1DBD /* Release */,
			);
			defaultConfigurationIsVisible = 0;
			defaultConfigurationName = Release;
		};
/* End XCConfigurationList section */
	};
	rootObject = 34AD0AD72570A19F009E1DBD /* Project object */;
}
